{
  "name": "cutestrap.github.io",
  "version": "2.0.0",
  "lockfileVersion": 1,
  "requires": true,
  "dependencies": {
    "cutestrap": {
      "version": "2.0.0-0",
      "resolved": "https://registry.npmjs.org/cutestrap/-/cutestrap-2.0.0-0.tgz",
      "integrity": "sha512-Q6h9QZUxK2SXfH7eFO5Rw2nt3FeEnWhZ6oF3e5jWDogrOIA1JG+nGcV343nVu6Q+rOEOmgJFgxewPgh5UK0bnQ=="
    }
  }
}
