{
  "name": "cutestrap.github.io",
  "version": "2.0.0",
  "lockfileVersion": 1,
  "requires": true,
  "dependencies": {
    "cutestrap": {
      "version": "2.0.0-2",
      "resolved": "https://registry.npmjs.org/cutestrap/-/cutestrap-2.0.0-2.tgz",
      "integrity": "sha512-caFK3XZje9DWlVnMXEmm/YJZSBmX9Y6UqJQqywhATgX0nQTYULqej5n6LCpqiXTY3mRA2cWNe4G18RDoGZA67g=="
    }
  }
}
